{
    "name": "startbootstrap-scrolling-nav",
    "version": "4.1.2",
    "lockfileVersion": 1,
    "requires": true,
    "dependencies": {
        "bootstrap": {
            "version": "4.2.1",
            "resolved": "https://registry.npmjs.org/bootstrap/-/bootstrap-4.2.1.tgz",
            "integrity": "sha512-tt/7vIv3Gm2mnd/WeDx36nfGGHleil0Wg8IeB7eMrVkY0fZ5iTaBisSh8oNANc2IBsCc6vCgCNTIM/IEN0+50Q=="
        },
        "browser-sync": {
            "version": "2.26.3",
            "resolved": "https://registry.npmjs.org/browser-sync/-/browser-sync-2.26.3.tgz",
            "integrity": "sha512-VLzpjCA4uXqfzkwqWtMM6hvPm2PNHp2RcmzBXcbi6C9WpkUhhFb8SVAr4CFrCsFxDg+oY6HalOjn8F+egyvhag==",
            "dev": true
        },
        "expand-range": {
            "version": "2.0.2",
            "resolved": "https://registry.npmjs.org/expand-range/-/expand-range-2.0.2.tgz",
            "integrity": "sha512-dyIpKoZzI/fcRCNYloYzHNmR+QsDHwZxCoPHpt5M6AupG3l0Ty1cQ6Bl+/g2IoOFu9qDiy3mneUGHel9w6XuBQ==",
            "dependencies": {
                "extend-shallow": {
                    "version": "2.0.1",
                    "resolved": "https://registry.npmjs.org/extend-shallow/-/extend-shallow-2.0.1.tgz",
                    "integrity": "sha1-Ua99YUrZqfYQ6huvu5idaxxWiQ8="
                },
                "fill-range": {
                    "version": "5.0.0",
                    "resolved": "https://registry.npmjs.org/fill-range/-/fill-range-5.0.0.tgz",
                    "integrity": "sha512-df1KCjiiQ8GoKIe6n2jLknXEoE51D7faMl4CEyu5dHCkVG3fkQUW3mI2x9zPpZ/eqH5Y7c8fno1BXbCmKzQQgA=="
                },
                "is-number": {
                    "version": "4.0.0",
                    "resolved": "https://registry.npmjs.org/is-number/-/is-number-4.0.0.tgz",
                    "integrity": "sha512-rSklcAIlf1OmFdyAqbnWTLVelsQ58uvZ66S/ZyawjWqIviTWCjg2PzVGw8WUA+nNuPTqb4wgA+NszrJ+08LlgQ=="
                }
            }
        },
        "global": {
            "version": "4.3.2",
            "resolved": "https://registry.npmjs.org/global/-/global-4.3.2.tgz",
            "integrity": "sha1-52mJJopsdMOJCLEwWxD8DjlOnQ8=",
            "dependencies": {
                "process": {
                    "version": "0.5.2",
                    "resolved": "https://registry.npmjs.org/process/-/process-0.5.2.tgz",
                    "integrity": "sha1-FjjYqONML0QKkduVq5rrZ3/Bhc8="
                }
            }
        },
        "gulp": {
            "version": "4.0.0",
            "resolved": "https://registry.npmjs.org/gulp/-/gulp-4.0.0.tgz",
            "integrity": "sha1-lXZsYB2t5Kd+0+eyttwDiBtZY2Y=",
            "dev": true
        },
        "gulp-cli": {
            "version": "2.0.1",
            "resolved": "https://registry.npmjs.org/gulp-cli/-/gulp-cli-2.0.1.tgz",
            "integrity": "sha512-RxujJJdN8/O6IW2nPugl7YazhmrIEjmiVfPKrWt68r71UCaLKS71Hp0gpKT+F6qOUFtr7KqtifDKaAJPRVvMYQ==",
            "dependencies": {
                "concat-stream": {
                    "version": "1.6.2",
                    "resolved": "https://registry.npmjs.org/concat-stream/-/concat-stream-1.6.2.tgz",
                    "integrity": "sha512-27HBghJxjiZtIk3Ycvn/4kbJk/1uZuJFfuPEns6LaEvpvG1f0hTea8lilrouyo9mVc2GWdcEZ8OLoGmSADlrCw=="
                },
                "yargs": {
                    "version": "7.1.0",
                    "resolved": "https://registry.npmjs.org/yargs/-/yargs-7.1.0.tgz",
                    "integrity": "sha1-a6MY6xaWFyf10oT46gA+jWFU0Mg="
                },
                "yargs-parser": {
                    "version": "5.0.0",
                    "resolved": "https://registry.npmjs.org/yargs-parser/-/yargs-parser-5.0.0.tgz",
                    "integrity": "sha1-J17PDX/+Bcd+ZOfIbkzZS/DhIoo="
                }
            }
        },
        "gulp-sass": {
            "version": "4.0.2",
            "resolved": "https://registry.npmjs.org/gulp-sass/-/gulp-sass-4.0.2.tgz",
            "integrity": "sha512-q8psj4+aDrblJMMtRxihNBdovfzGrXJp1l4JU0Sz4b/Mhsi2DPrKFYCGDwjIWRENs04ELVHxdOJQ7Vs98OFohg==",
            "dependencies": {
                "ansi-regex": {
                    "version": "3.0.0",
                    "resolved": "https://registry.npmjs.org/ansi-regex/-/ansi-regex-3.0.0.tgz",
                    "integrity": "sha1-7QMXwyIGT3lGbAKWa922Bas32Zg="
                },
                "ansi-styles": {
                    "version": "3.2.1",
                    "resolved": "https://registry.npmjs.org/ansi-styles/-/ansi-styles-3.2.1.tgz",
                    "integrity": "sha512-VT0ZI6kZRdTh8YyJw3SMbYm/u+NqfsAxEpWO0Pf9sq8/e94WxxOpPKx9FR1FlyCtOVDNOQ+8ntlqFxiRc+r5qA=="
                },
                "chalk": {
                    "version": "2.4.2",
                    "resolved": "https://registry.npmjs.org/chalk/-/chalk-2.4.2.tgz",
                    "integrity": "sha512-Mti+f9lpJNcwF4tWV8/OrTTtF1gZi+f8FqlyAdouralcFWFQWF2+NgCHShjkCb+IFBLq9buZwE1xckQU4peSuQ=="
                },
                "strip-ansi": {
                    "version": "4.0.0",
                    "resolved": "https://registry.npmjs.org/strip-ansi/-/strip-ansi-4.0.0.tgz",
                    "integrity": "sha1-qEeQIusaw2iocTibY1JixQXuNo8="
                },
                "supports-color": {
                    "version": "5.5.0",
                    "resolved": "https://registry.npmjs.org/supports-color/-/supports-color-5.5.0.tgz",
                    "integrity": "sha512-QjVjwdXIt408MIiAqCX4oUKsgU2EqAGzs2Ppkm4aQYbjm+ZEWEcW4SfFNTr4uMNZma0ey4f5lgLrkB0aX0QMow=="
                }
            }
        },
        "is-posix-bracket": {
            "version": "0.1.1",
            "resolved": "https://registry.npmjs.org/is-posix-bracket/-/is-posix-bracket-0.1.1.tgz",
            "integrity": "sha1-MzTceXdDaOkvAW5vvAqI9c1ua8Q="
        },
        "jquery": {
            "version": "3.5.0",
            "resolved": "https://registry.npmjs.org/jquery/-/jquery-3.5.0.tgz",
            "integrity": "sha512-Xb7SVYMvygPxbFMpTFQiHh1J7HClEaThguL15N/Gg37Lri/qKyhRGZYzHRyLH8Stq3Aow0LsHO2O2ci86fCrNQ=="
        },
        "jquery.easing": {
            "version": "1.4.1",
            "resolved": "https://registry.npmjs.org/jquery.easing/-/jquery.easing-1.4.1.tgz",
            "integrity": "sha1-R5gsWDa9dY/UhJSSPEoQHvbpPjs="
        },
        "popper": {
            "version": "1.0.1",
            "resolved": "https://registry.npmjs.org/popper/-/popper-1.0.1.tgz",
            "integrity": "sha512-i/6yRlY5+VomX0ScQ5TI4Ro8XlQbOj7NMRf0hSnUEVv/aAP6IbrxvNcRsrEG6VsKzvltfINPeD4p++6SKwOTSA=="
        },
        "preserve": {
            "version": "0.2.0",
            "resolved": "https://registry.npmjs.org/preserve/-/preserve-0.2.0.tgz",
            "integrity": "sha1-gV7R9uvGWSb4ZbMQwHE7yzMVzks="
        }
    }
}
